
Microsoft Visual Studio Solution File, Format Version 11.00
# Visual Studio 2010
Project("{FAE04EC0-301F-11D3-BF4B-00C04F79EFBC}") = "N-Puzzle", "Assembly-CSharp.csproj", "{EFFB4272-263A-8910-628D-1E59B25526A6}"
EndProject
Global
	GlobalSection(SolutionConfigurationPlatforms) = preSolution
		Debug|Any CPU = Debug|Any CPU
		Release|Any CPU = Release|Any CPU
	EndGlobalSection
	GlobalSection(ProjectConfigurationPlatforms) = postSolution
		{EFFB4272-263A-8910-628D-1E59B25526A6}.Debug|Any CPU.ActiveCfg = Debug|Any CPU
		{EFFB4272-263A-8910-628D-1E59B25526A6}.Debug|Any CPU.Build.0 = Debug|Any CPU
		{EFFB4272-263A-8910-628D-1E59B25526A6}.Release|Any CPU.ActiveCfg = Release|Any CPU
		{EFFB4272-263A-8910-628D-1E59B25526A6}.Release|Any CPU.Build.0 = Release|Any CPU
	EndGlobalSection
	GlobalSection(SolutionProperties) = preSolution
		HideSolutionNode = FALSE
	EndGlobalSection
	GlobalSection(MonoDevelopProperties) = preSolution
		StartupItem = Assembly-CSharp.csproj
	EndGlobalSection
EndGlobal
